dependencies:
- name: haproxy
  repository: https://haproxytech.github.io/helm-charts
  version: 1.21.1
- name: redis
  repository: https://charts.bitnami.com/bitnami
  version: 18.19.4
digest: sha256:83fa1b9fb8b8466f984f6c43e4b433b7b5f25ce35851d65b4a01a27394c0c25a
generated: "2025-05-15T13:20:08.444201451Z"
