dependencies:
- name: haproxy
  repository: https://haproxytech.github.io/helm-charts
  version: 1.24.0
- name: redis
  repository: https://charts.bitnami.com/bitnami
  version: 18.19.4
digest: sha256:fc2c4f452573f4e3f482e424ea2bb37307acc51bf419ae3c6cff537f502553d3
generated: "2025-05-15T17:08:34.234877363Z"
